
Microsoft Visual Studio Solution File, Format Version 12.00
# Visual Studio Version 17
VisualStudioVersion = 17.0.31903.59
MinimumVisualStudioVersion = 10.0.40219.1
Project("{FAE04EC0-301F-11D3-BF4B-00C04F79EFBC}") = "BerberVio", "BerberVio.csproj", "{77414362-30A1-47CF-8F14-41D616AEC3A7}"
EndProject
Project("{FAE04EC0-301F-11D3-BF4B-00C04F79EFBC}") = "BerberVio.DataAccessLayer", "BerberVio.DataAccessLayer\BerberVio.DataAccessLayer.csproj", "{7700259A-FB0B-409B-A642-A25B327DEF3D}"
EndProject
Project("{FAE04EC0-301F-11D3-BF4B-00C04F79EFBC}") = "BerberVio.Business", "BerberVio.Business\BerberVio.Business.csproj", "{39639EF9-6584-4C86-8D4D-E615EA0201DD}"
EndProject
Project("{FAE04EC0-301F-11D3-BF4B-00C04F79EFBC}") = "BerberVio.Entities", "BerberVio.Entities\BerberVio.Entities.csproj", "{32AF908A-8B6A-49DD-90F4-5DF92C9FB7A4}"
EndProject
Project("{FAE04EC0-301F-11D3-BF4B-00C04F79EFBC}") = "BerberVio.API", "BerberVio.API\BerberVio.API.csproj", "{8A6AF50B-3A44-4640-9C4C-51932F3A2B29}"
EndProject
Global
	GlobalSection(SolutionConfigurationPlatforms) = preSolution
		Debug|Any CPU = Debug|Any CPU
		Debug|x64 = Debug|x64
		Debug|x86 = Debug|x86
		Release|Any CPU = Release|Any CPU
		Release|x64 = Release|x64
		Release|x86 = Release|x86
	EndGlobalSection
	GlobalSection(ProjectConfigurationPlatforms) = postSolution
		{77414362-30A1-47CF-8F14-41D616AEC3A7}.Debug|Any CPU.ActiveCfg = Debug|Any CPU
		{77414362-30A1-47CF-8F14-41D616AEC3A7}.Debug|Any CPU.Build.0 = Debug|Any CPU
		{77414362-30A1-47CF-8F14-41D616AEC3A7}.Debug|x64.ActiveCfg = Debug|Any CPU
		{77414362-30A1-47CF-8F14-41D616AEC3A7}.Debug|x64.Build.0 = Debug|Any CPU
		{77414362-30A1-47CF-8F14-41D616AEC3A7}.Debug|x86.ActiveCfg = Debug|Any CPU
		{77414362-30A1-47CF-8F14-41D616AEC3A7}.Debug|x86.Build.0 = Debug|Any CPU
		{77414362-30A1-47CF-8F14-41D616AEC3A7}.Release|Any CPU.ActiveCfg = Release|Any CPU
		{77414362-30A1-47CF-8F14-41D616AEC3A7}.Release|Any CPU.Build.0 = Release|Any CPU
		{77414362-30A1-47CF-8F14-41D616AEC3A7}.Release|x64.ActiveCfg = Release|Any CPU
		{77414362-30A1-47CF-8F14-41D616AEC3A7}.Release|x64.Build.0 = Release|Any CPU
		{77414362-30A1-47CF-8F14-41D616AEC3A7}.Release|x86.ActiveCfg = Release|Any CPU
		{77414362-30A1-47CF-8F14-41D616AEC3A7}.Release|x86.Build.0 = Release|Any CPU
		{7700259A-FB0B-409B-A642-A25B327DEF3D}.Debug|Any CPU.ActiveCfg = Debug|Any CPU
		{7700259A-FB0B-409B-A642-A25B327DEF3D}.Debug|Any CPU.Build.0 = Debug|Any CPU
		{7700259A-FB0B-409B-A642-A25B327DEF3D}.Debug|x64.ActiveCfg = Debug|Any CPU
		{7700259A-FB0B-409B-A642-A25B327DEF3D}.Debug|x64.Build.0 = Debug|Any CPU
		{7700259A-FB0B-409B-A642-A25B327DEF3D}.Debug|x86.ActiveCfg = Debug|Any CPU
		{7700259A-FB0B-409B-A642-A25B327DEF3D}.Debug|x86.Build.0 = Debug|Any CPU
		{7700259A-FB0B-409B-A642-A25B327DEF3D}.Release|Any CPU.ActiveCfg = Release|Any CPU
		{7700259A-FB0B-409B-A642-A25B327DEF3D}.Release|Any CPU.Build.0 = Release|Any CPU
		{7700259A-FB0B-409B-A642-A25B327DEF3D}.Release|x64.ActiveCfg = Release|Any CPU
		{7700259A-FB0B-409B-A642-A25B327DEF3D}.Release|x64.Build.0 = Release|Any CPU
		{7700259A-FB0B-409B-A642-A25B327DEF3D}.Release|x86.ActiveCfg = Release|Any CPU
		{7700259A-FB0B-409B-A642-A25B327DEF3D}.Release|x86.Build.0 = Release|Any CPU
		{39639EF9-6584-4C86-8D4D-E615EA0201DD}.Debug|Any CPU.ActiveCfg = Debug|Any CPU
		{39639EF9-6584-4C86-8D4D-E615EA0201DD}.Debug|Any CPU.Build.0 = Debug|Any CPU
		{39639EF9-6584-4C86-8D4D-E615EA0201DD}.Debug|x64.ActiveCfg = Debug|Any CPU
		{39639EF9-6584-4C86-8D4D-E615EA0201DD}.Debug|x64.Build.0 = Debug|Any CPU
		{39639EF9-6584-4C86-8D4D-E615EA0201DD}.Debug|x86.ActiveCfg = Debug|Any CPU
		{39639EF9-6584-4C86-8D4D-E615EA0201DD}.Debug|x86.Build.0 = Debug|Any CPU
		{39639EF9-6584-4C86-8D4D-E615EA0201DD}.Release|Any CPU.ActiveCfg = Release|Any CPU
		{39639EF9-6584-4C86-8D4D-E615EA0201DD}.Release|Any CPU.Build.0 = Release|Any CPU
		{39639EF9-6584-4C86-8D4D-E615EA0201DD}.Release|x64.ActiveCfg = Release|Any CPU
		{39639EF9-6584-4C86-8D4D-E615EA0201DD}.Release|x64.Build.0 = Release|Any CPU
		{39639EF9-6584-4C86-8D4D-E615EA0201DD}.Release|x86.ActiveCfg = Release|Any CPU
		{39639EF9-6584-4C86-8D4D-E615EA0201DD}.Release|x86.Build.0 = Release|Any CPU
		{32AF908A-8B6A-49DD-90F4-5DF92C9FB7A4}.Debug|Any CPU.ActiveCfg = Debug|Any CPU
		{32AF908A-8B6A-49DD-90F4-5DF92C9FB7A4}.Debug|Any CPU.Build.0 = Debug|Any CPU
		{32AF908A-8B6A-49DD-90F4-5DF92C9FB7A4}.Debug|x64.ActiveCfg = Debug|Any CPU
		{32AF908A-8B6A-49DD-90F4-5DF92C9FB7A4}.Debug|x64.Build.0 = Debug|Any CPU
		{32AF908A-8B6A-49DD-90F4-5DF92C9FB7A4}.Debug|x86.ActiveCfg = Debug|Any CPU
		{32AF908A-8B6A-49DD-90F4-5DF92C9FB7A4}.Debug|x86.Build.0 = Debug|Any CPU
		{32AF908A-8B6A-49DD-90F4-5DF92C9FB7A4}.Release|Any CPU.ActiveCfg = Release|Any CPU
		{32AF908A-8B6A-49DD-90F4-5DF92C9FB7A4}.Release|Any CPU.Build.0 = Release|Any CPU
		{32AF908A-8B6A-49DD-90F4-5DF92C9FB7A4}.Release|x64.ActiveCfg = Release|Any CPU
		{32AF908A-8B6A-49DD-90F4-5DF92C9FB7A4}.Release|x64.Build.0 = Release|Any CPU
		{32AF908A-8B6A-49DD-90F4-5DF92C9FB7A4}.Release|x86.ActiveCfg = Release|Any CPU
		{32AF908A-8B6A-49DD-90F4-5DF92C9FB7A4}.Release|x86.Build.0 = Release|Any CPU
		{8A6AF50B-3A44-4640-9C4C-51932F3A2B29}.Debug|Any CPU.ActiveCfg = Debug|Any CPU
		{8A6AF50B-3A44-4640-9C4C-51932F3A2B29}.Debug|Any CPU.Build.0 = Debug|Any CPU
		{8A6AF50B-3A44-4640-9C4C-51932F3A2B29}.Debug|x64.ActiveCfg = Debug|Any CPU
		{8A6AF50B-3A44-4640-9C4C-51932F3A2B29}.Debug|x64.Build.0 = Debug|Any CPU
		{8A6AF50B-3A44-4640-9C4C-51932F3A2B29}.Debug|x86.ActiveCfg = Debug|Any CPU
		{8A6AF50B-3A44-4640-9C4C-51932F3A2B29}.Debug|x86.Build.0 = Debug|Any CPU
		{8A6AF50B-3A44-4640-9C4C-51932F3A2B29}.Release|Any CPU.ActiveCfg = Release|Any CPU
		{8A6AF50B-3A44-4640-9C4C-51932F3A2B29}.Release|Any CPU.Build.0 = Release|Any CPU
		{8A6AF50B-3A44-4640-9C4C-51932F3A2B29}.Release|x64.ActiveCfg = Release|Any CPU
		{8A6AF50B-3A44-4640-9C4C-51932F3A2B29}.Release|x64.Build.0 = Release|Any CPU
		{8A6AF50B-3A44-4640-9C4C-51932F3A2B29}.Release|x86.ActiveCfg = Release|Any CPU
		{8A6AF50B-3A44-4640-9C4C-51932F3A2B29}.Release|x86.Build.0 = Release|Any CPU
	EndGlobalSection
	GlobalSection(SolutionProperties) = preSolution
		HideSolutionNode = FALSE
	EndGlobalSection
EndGlobal
